
Microsoft Visual Studio Solution File, Format Version 12.00
# Visual Studio Version 17
VisualStudioVersion = 17.5.33502.453
MinimumVisualStudioVersion = 10.0.40219.1
Project("{FAE04EC0-301F-11D3-BF4B-00C04F79EFBC}") = "ChilLaxBackEnd", "ChilLaxBackEnd\ChilLaxBackEnd.csproj", "{1A4A8853-3A7A-4DF8-9E87-BA1F6CFC9CDB}"
EndProject
Global
	GlobalSection(SolutionConfigurationPlatforms) = preSolution
		Debug|Any CPU = Debug|Any CPU
		Release|Any CPU = Release|Any CPU
	EndGlobalSection
	GlobalSection(ProjectConfigurationPlatforms) = postSolution
		{1A4A8853-3A7A-4DF8-9E87-BA1F6CFC9CDB}.Debug|Any CPU.ActiveCfg = Debug|Any CPU
		{1A4A8853-3A7A-4DF8-9E87-BA1F6CFC9CDB}.Debug|Any CPU.Build.0 = Debug|Any CPU
		{1A4A8853-3A7A-4DF8-9E87-BA1F6CFC9CDB}.Release|Any CPU.ActiveCfg = Release|Any CPU
		{1A4A8853-3A7A-4DF8-9E87-BA1F6CFC9CDB}.Release|Any CPU.Build.0 = Release|Any CPU
	EndGlobalSection
	GlobalSection(SolutionProperties) = preSolution
		HideSolutionNode = FALSE
	EndGlobalSection
	GlobalSection(ExtensibilityGlobals) = postSolution
		SolutionGuid = {39D14983-E736-45C1-89BD-A5D87F377F8D}
	EndGlobalSection
EndGlobal
