
Microsoft Visual Studio Solution File, Format Version 12.00
# Visual Studio Version 17
VisualStudioVersion = 17.6.33801.468
MinimumVisualStudioVersion = 10.0.40219.1
Project("{FAE04EC0-301F-11D3-BF4B-00C04F79EFBC}") = "ChilLax_Net", "ChilLax_Net\ChilLax_Net.csproj", "{56AC596B-BFC7-4751-91C7-F73BB5682C84}"
EndProject
Global
	GlobalSection(SolutionConfigurationPlatforms) = preSolution
		Debug|Any CPU = Debug|Any CPU
		Release|Any CPU = Release|Any CPU
	EndGlobalSection
	GlobalSection(ProjectConfigurationPlatforms) = postSolution
		{56AC596B-BFC7-4751-91C7-F73BB5682C84}.Debug|Any CPU.ActiveCfg = Debug|Any CPU
		{56AC596B-BFC7-4751-91C7-F73BB5682C84}.Debug|Any CPU.Build.0 = Debug|Any CPU
		{56AC596B-BFC7-4751-91C7-F73BB5682C84}.Release|Any CPU.ActiveCfg = Release|Any CPU
		{56AC596B-BFC7-4751-91C7-F73BB5682C84}.Release|Any CPU.Build.0 = Release|Any CPU
	EndGlobalSection
	GlobalSection(SolutionProperties) = preSolution
		HideSolutionNode = FALSE
	EndGlobalSection
	GlobalSection(ExtensibilityGlobals) = postSolution
		SolutionGuid = {2C557EEA-66D0-47CF-A1D3-FD590F2131F8}
	EndGlobalSection
EndGlobal
